Microsoft Visual Studio Solution File, Format Version 7.00Project("{8BC9CEB8-8B4A-11D0-8D11-00A0C91BC942}") = "GlobalUtility", "GlobalUtility.vcproj", "{23471111-61B5-4908-B390-E6719CBB5C04}"EndProjectProject("{8BC9CEB8-8B4A-11D0-8D11-00A0C91BC942}") = "unittest", "unittest\unittest.vcproj", "{AA29F9C3-B1C3-4574-902F-B4CE0D5DB98A}"EndProjectGlobal	GlobalSection(SourceCodeControl) = preSolution		SccNumberOfProjects = 1		SccProjectUniqueName0 = GlobalUtility.vcproj		SccProjectName0 = \u0022$/GlobalUtility\u0022,\u0020ATWAAAAA		SccLocalPath0 = .		SccProvider0 = MSSCCI:Microsoft\u0020Visual\u0020SourceSafe	EndGlobalSection	GlobalSection(SolutionConfiguration) = preSolution		ConfigName.0 = Debug		ConfigName.1 = Hybrid		ConfigName.2 = Release	EndGlobalSection	GlobalSection(ProjectDependencies) = postSolution		{23471111-61B5-4908-B390-E6719CBB5C04}.0 = {AA29F9C3-B1C3-4574-902F-B4CE0D5DB98A}	EndGlobalSection	GlobalSection(ProjectConfiguration) = postSolution		{23471111-61B5-4908-B390-E6719CBB5C04}.Debug.ActiveCfg = Debug|Win32		{23471111-61B5-4908-B390-E6719CBB5C04}.Debug.Build.0 = Debug|Win32		{23471111-61B5-4908-B390-E6719CBB5C04}.Hybrid.ActiveCfg = Hybrid|Win32		{23471111-61B5-4908-B390-E6719CBB5C04}.Hybrid.Build.0 = Hybrid|Win32		{23471111-61B5-4908-B390-E6719CBB5C04}.Release.ActiveCfg = Release|Win32		{23471111-61B5-4908-B390-E6719CBB5C04}.Release.Build.0 = Release|Win32		{AA29F9C3-B1C3-4574-902F-B4CE0D5DB98A}.Debug.ActiveCfg = Debug|Win32		{AA29F9C3-B1C3-4574-902F-B4CE0D5DB98A}.Debug.Build.0 = Debug|Win32		{AA29F9C3-B1C3-4574-902F-B4CE0D5DB98A}.Hybrid.ActiveCfg = Release|Win32		{AA29F9C3-B1C3-4574-902F-B4CE0D5DB98A}.Hybrid.Build.0 = Release|Win32		{AA29F9C3-B1C3-4574-902F-B4CE0D5DB98A}.Release.ActiveCfg = Release|Win32		{AA29F9C3-B1C3-4574-902F-B4CE0D5DB98A}.Release.Build.0 = Release|Win32	EndGlobalSection	GlobalSection(ExtensibilityGlobals) = postSolution	EndGlobalSection	GlobalSection(ExtensibilityAddIns) = postSolution	EndGlobalSectionEndGlobal